# This file is automatically @generated by Cargo.
# It is not intended for manual editing.
version = 4

[[package]]
name = "pantheon-cli"
version = "0.1.0"

[[package]]
name = "pantheon-core"
version = "0.1.0"

[[package]]
name = "pantheon-engine"
version = "0.1.0"

[[package]]
name = "pantheon-operator-api"
version = "0.1.0"

[[package]]
name = "pantheon-operator-protocol"
version = "0.1.0"

[[package]]
name = "pantheon-store"
version = "0.1.0"

[[package]]
name = "pantheond"
version = "0.1.0"
